
Microsoft Visual Studio Solution File, Format Version 12.00
# Visual Studio Version 17
VisualStudioVersion = 17.10.35122.118
MinimumVisualStudioVersion = 10.0.40219.1
Project("{9A19103F-16F7-4668-BE54-9A1E7A4F7556}") = "Kruskal.Core", "Kruskal.Core\Kruskal.Core.csproj", "{22781BAC-0D96-45C7-BDAD-328403492AC5}"
EndProject
Project("{9A19103F-16F7-4668-BE54-9A1E7A4F7556}") = "Kruskal.Console", "Kruskal.Console\Kruskal.Console.csproj", "{5495ADE7-8504-45A6-AF3B-E7B52627CB99}"
EndProject
Project("{FAE04EC0-301F-11D3-BF4B-00C04F79EFBC}") = "Kruskal.WPF", "Kruskal.WPF\Kruskal.WPF.csproj", "{1AE1FBAE-D263-484F-BC70-BBF231B6C04A}"
EndProject
Global
	GlobalSection(SolutionConfigurationPlatforms) = preSolution
		Debug|Any CPU = Debug|Any CPU
		Release|Any CPU = Release|Any CPU
	EndGlobalSection
	GlobalSection(ProjectConfigurationPlatforms) = postSolution
		{22781BAC-0D96-45C7-BDAD-328403492AC5}.Debug|Any CPU.ActiveCfg = Debug|Any CPU
		{22781BAC-0D96-45C7-BDAD-328403492AC5}.Debug|Any CPU.Build.0 = Debug|Any CPU
		{22781BAC-0D96-45C7-BDAD-328403492AC5}.Release|Any CPU.ActiveCfg = Release|Any CPU
		{22781BAC-0D96-45C7-BDAD-328403492AC5}.Release|Any CPU.Build.0 = Release|Any CPU
		{5495ADE7-8504-45A6-AF3B-E7B52627CB99}.Debug|Any CPU.ActiveCfg = Debug|Any CPU
		{5495ADE7-8504-45A6-AF3B-E7B52627CB99}.Debug|Any CPU.Build.0 = Debug|Any CPU
		{5495ADE7-8504-45A6-AF3B-E7B52627CB99}.Release|Any CPU.ActiveCfg = Release|Any CPU
		{5495ADE7-8504-45A6-AF3B-E7B52627CB99}.Release|Any CPU.Build.0 = Release|Any CPU
		{1AE1FBAE-D263-484F-BC70-BBF231B6C04A}.Debug|Any CPU.ActiveCfg = Debug|Any CPU
		{1AE1FBAE-D263-484F-BC70-BBF231B6C04A}.Debug|Any CPU.Build.0 = Debug|Any CPU
		{1AE1FBAE-D263-484F-BC70-BBF231B6C04A}.Release|Any CPU.ActiveCfg = Release|Any CPU
		{1AE1FBAE-D263-484F-BC70-BBF231B6C04A}.Release|Any CPU.Build.0 = Release|Any CPU
	EndGlobalSection
	GlobalSection(SolutionProperties) = preSolution
		HideSolutionNode = FALSE
	EndGlobalSection
	GlobalSection(ExtensibilityGlobals) = postSolution
		SolutionGuid = {7AF58B45-AA47-493B-BACB-5B04785A8BBF}
	EndGlobalSection
EndGlobal
